
Microsoft Visual Studio Solution File, Format Version 12.00
# Visual Studio Version 17
VisualStudioVersion = 17.0.31903.59
MinimumVisualStudioVersion = 10.0.40219.1
Project("{2150E333-8FDC-42A3-9474-1A3956D46DE8}") = "src", "src", "{827E0CD3-B72D-47B6-A68D-7590B98EB39B}"
EndProject
Project("{2150E333-8FDC-42A3-9474-1A3956D46DE8}") = "CoreService", "CoreService", "{D6F75BA0-19D1-53AF-5252-AAA3EE4A82D0}"
EndProject
Project("{2150E333-8FDC-42A3-9474-1A3956D46DE8}") = "ApplicationCore", "ApplicationCore", "{EC7C77BA-D02B-F6A9-A0BB-7D183B4444FC}"
EndProject
Project("{FAE04EC0-301F-11D3-BF4B-00C04F79EFBC}") = "DataExchange.Application", "src\CoreService\ApplicationCore\DataExchange.Application\DataExchange.Application.csproj", "{2F32F943-78E1-4BE8-B3AA-59B841D9B4A1}"
EndProject
Project("{FAE04EC0-301F-11D3-BF4B-00C04F79EFBC}") = "DataExchange.Domain", "src\CoreService\ApplicationCore\DataExchange.Domain\DataExchange.Domain.csproj", "{32040FA9-CB64-4D12-B56C-00520538781A}"
EndProject
Global
	GlobalSection(SolutionConfigurationPlatforms) = preSolution
		Debug|Any CPU = Debug|Any CPU
		Debug|x64 = Debug|x64
		Debug|x86 = Debug|x86
		Release|Any CPU = Release|Any CPU
		Release|x64 = Release|x64
		Release|x86 = Release|x86
	EndGlobalSection
	GlobalSection(ProjectConfigurationPlatforms) = postSolution
		{2F32F943-78E1-4BE8-B3AA-59B841D9B4A1}.Debug|Any CPU.ActiveCfg = Debug|Any CPU
		{2F32F943-78E1-4BE8-B3AA-59B841D9B4A1}.Debug|Any CPU.Build.0 = Debug|Any CPU
		{2F32F943-78E1-4BE8-B3AA-59B841D9B4A1}.Debug|x64.ActiveCfg = Debug|Any CPU
		{2F32F943-78E1-4BE8-B3AA-59B841D9B4A1}.Debug|x64.Build.0 = Debug|Any CPU
		{2F32F943-78E1-4BE8-B3AA-59B841D9B4A1}.Debug|x86.ActiveCfg = Debug|Any CPU
		{2F32F943-78E1-4BE8-B3AA-59B841D9B4A1}.Debug|x86.Build.0 = Debug|Any CPU
		{2F32F943-78E1-4BE8-B3AA-59B841D9B4A1}.Release|Any CPU.ActiveCfg = Release|Any CPU
		{2F32F943-78E1-4BE8-B3AA-59B841D9B4A1}.Release|Any CPU.Build.0 = Release|Any CPU
		{2F32F943-78E1-4BE8-B3AA-59B841D9B4A1}.Release|x64.ActiveCfg = Release|Any CPU
		{2F32F943-78E1-4BE8-B3AA-59B841D9B4A1}.Release|x64.Build.0 = Release|Any CPU
		{2F32F943-78E1-4BE8-B3AA-59B841D9B4A1}.Release|x86.ActiveCfg = Release|Any CPU
		{2F32F943-78E1-4BE8-B3AA-59B841D9B4A1}.Release|x86.Build.0 = Release|Any CPU
		{32040FA9-CB64-4D12-B56C-00520538781A}.Debug|Any CPU.ActiveCfg = Debug|Any CPU
		{32040FA9-CB64-4D12-B56C-00520538781A}.Debug|Any CPU.Build.0 = Debug|Any CPU
		{32040FA9-CB64-4D12-B56C-00520538781A}.Debug|x64.ActiveCfg = Debug|Any CPU
		{32040FA9-CB64-4D12-B56C-00520538781A}.Debug|x64.Build.0 = Debug|Any CPU
		{32040FA9-CB64-4D12-B56C-00520538781A}.Debug|x86.ActiveCfg = Debug|Any CPU
		{32040FA9-CB64-4D12-B56C-00520538781A}.Debug|x86.Build.0 = Debug|Any CPU
		{32040FA9-CB64-4D12-B56C-00520538781A}.Release|Any CPU.ActiveCfg = Release|Any CPU
		{32040FA9-CB64-4D12-B56C-00520538781A}.Release|Any CPU.Build.0 = Release|Any CPU
		{32040FA9-CB64-4D12-B56C-00520538781A}.Release|x64.ActiveCfg = Release|Any CPU
		{32040FA9-CB64-4D12-B56C-00520538781A}.Release|x64.Build.0 = Release|Any CPU
		{32040FA9-CB64-4D12-B56C-00520538781A}.Release|x86.ActiveCfg = Release|Any CPU
		{32040FA9-CB64-4D12-B56C-00520538781A}.Release|x86.Build.0 = Release|Any CPU
	EndGlobalSection
	GlobalSection(SolutionProperties) = preSolution
		HideSolutionNode = FALSE
	EndGlobalSection
	GlobalSection(NestedProjects) = preSolution
		{D6F75BA0-19D1-53AF-5252-AAA3EE4A82D0} = {827E0CD3-B72D-47B6-A68D-7590B98EB39B}
		{EC7C77BA-D02B-F6A9-A0BB-7D183B4444FC} = {D6F75BA0-19D1-53AF-5252-AAA3EE4A82D0}
		{2F32F943-78E1-4BE8-B3AA-59B841D9B4A1} = {EC7C77BA-D02B-F6A9-A0BB-7D183B4444FC}
		{32040FA9-CB64-4D12-B56C-00520538781A} = {EC7C77BA-D02B-F6A9-A0BB-7D183B4444FC}
	EndGlobalSection
EndGlobal
